
Microsoft Visual Studio Solution File, Format Version 12.00
# Visual Studio Version 17
VisualStudioVersion = 17.6.33815.320
MinimumVisualStudioVersion = 10.0.40219.1
Project("{FAE04EC0-301F-11D3-BF4B-00C04F79EFBC}") = "eCart-Backend", "eCart-Backend.csproj", "{04FA2927-688F-4828-9BEE-F366FA4548B6}"
EndProject
Global
	GlobalSection(SolutionConfigurationPlatforms) = preSolution
		Debug|Any CPU = Debug|Any CPU
		Release|Any CPU = Release|Any CPU
	EndGlobalSection
	GlobalSection(ProjectConfigurationPlatforms) = postSolution
		{04FA2927-688F-4828-9BEE-F366FA4548B6}.Debug|Any CPU.ActiveCfg = Debug|Any CPU
		{04FA2927-688F-4828-9BEE-F366FA4548B6}.Debug|Any CPU.Build.0 = Debug|Any CPU
		{04FA2927-688F-4828-9BEE-F366FA4548B6}.Release|Any CPU.ActiveCfg = Release|Any CPU
		{04FA2927-688F-4828-9BEE-F366FA4548B6}.Release|Any CPU.Build.0 = Release|Any CPU
	EndGlobalSection
	GlobalSection(SolutionProperties) = preSolution
		HideSolutionNode = FALSE
	EndGlobalSection
	GlobalSection(ExtensibilityGlobals) = postSolution
		SolutionGuid = {18F86CE4-8FCD-4C63-BE1E-5A5D933A2970}
	EndGlobalSection
EndGlobal
